dependencies:
  axios: 0.19.2
  passport-oauth2: 1.5.0
  passport-strategy: 1.0.0
devDependencies:
  '@types/node': 14.6.0
  '@types/passport-oauth2': 1.4.9
  '@types/passport-strategy': 0.2.35
  '@types/tunnel': 0.0.1
  tunnel: 0.0.6
  typescript: 3.9.7
lockfileVersion: 5.1
packages:
  /@types/body-parser/1.19.0:
    dependencies:
      '@types/connect': 3.4.33
      '@types/node': 14.6.0
    dev: true
    resolution:
      integrity: sha512-W98JrE0j2K78swW4ukqMleo8R7h/pFETjM2DQ90MF6XK2i4LO4W3gQ71Lt4w3bfm2EvVSyWHplECvB5sK22yFQ==
  /@types/connect/3.4.33:
    dependencies:
      '@types/node': 14.6.0
    dev: true
    resolution:
      integrity: sha512-2+FrkXY4zllzTNfJth7jOqEHC+enpLeGslEhpnTAkg21GkRrWV4SsAtqchtT4YS9/nODBU2/ZfsBY2X4J/dX7A==
  /@types/express-serve-static-core/4.17.9:
    dependencies:
      '@types/node': 14.6.0
      '@types/qs': 6.9.4
      '@types/range-parser': 1.2.3
    dev: true
    resolution:
      integrity: sha512-DG0BYg6yO+ePW+XoDENYz8zhNGC3jDDEpComMYn7WJc4mY1Us8Rw9ax2YhJXxpyk2SF47PQAoQ0YyVT1a0bEkA==
  /@types/express/4.17.7:
    dependencies:
      '@types/body-parser': 1.19.0
      '@types/express-serve-static-core': 4.17.9
      '@types/qs': 6.9.4
      '@types/serve-static': 1.13.5
    dev: true
    resolution:
      integrity: sha512-dCOT5lcmV/uC2J9k0rPafATeeyz+99xTt54ReX11/LObZgfzJqZNcW27zGhYyX+9iSEGXGt5qLPwRSvBZcLvtQ==
  /@types/mime/2.0.3:
    dev: true
    resolution:
      integrity: sha512-Jus9s4CDbqwocc5pOAnh8ShfrnMcPHuJYzVcSUU7lrh8Ni5HuIqX3oilL86p3dlTrk0LzHRCgA/GQ7uNCw6l2Q==
  /@types/node/14.6.0:
    dev: true
    resolution:
      integrity: sha512-mikldZQitV94akrc4sCcSjtJfsTKt4p+e/s0AGscVA6XArQ9kFclP+ZiYUMnq987rc6QlYxXv/EivqlfSLxpKA==
  /@types/oauth/0.9.1:
    dependencies:
      '@types/node': 14.6.0
    dev: true
    resolution:
      integrity: sha512-a1iY62/a3yhZ7qH7cNUsxoI3U/0Fe9+RnuFrpTKr+0WVOzbKlSLojShCKe20aOD1Sppv+i8Zlq0pLDuTJnwS4A==
  /@types/passport-oauth2/1.4.9:
    dependencies:
      '@types/express': 4.17.7
      '@types/oauth': 0.9.1
      '@types/passport': 1.0.4
    dev: true
    resolution:
      integrity: sha512-QP0q+NVQOaIu2r0e10QWkiUA0Ya5mOBHRJN0UrI+LolMLOP1/VN4EVIpJ3xVwFo+xqNFRoFvFwJhBvKnk7kpUA==
  /@types/passport-strategy/0.2.35:
    dependencies:
      '@types/express': 4.17.7
      '@types/passport': 1.0.4
    dev: true
    resolution:
      integrity: sha512-o5D19Jy2XPFoX2rKApykY15et3Apgax00RRLf0RUotPDUsYrQa7x4howLYr9El2mlUApHmCMv5CZ1IXqKFQ2+g==
  /@types/passport/1.0.4:
    dependencies:
      '@types/express': 4.17.7
    dev: true
    resolution:
      integrity: sha512-h5OfAbfBBYSzjeU0GTuuqYEk9McTgWeGQql9g3gUw2/NNCfD7VgExVRYJVVeU13Twn202Mvk9BT0bUrl30sEgA==
  /@types/qs/6.9.4:
    dev: true
    resolution:
      integrity: sha512-+wYo+L6ZF6BMoEjtf8zB2esQsqdV6WsjRK/GP9WOgLPrq87PbNWgIxS76dS5uvl/QXtHGakZmwTznIfcPXcKlQ==
  /@types/range-parser/1.2.3:
    dev: true
    resolution:
      integrity: sha512-ewFXqrQHlFsgc09MK5jP5iR7vumV/BYayNC6PgJO2LPe8vrnNFyjQjSppfEngITi0qvfKtzFvgKymGheFM9UOA==
  /@types/serve-static/1.13.5:
    dependencies:
      '@types/express-serve-static-core': 4.17.9
      '@types/mime': 2.0.3
    dev: true
    resolution:
      integrity: sha512-6M64P58N+OXjU432WoLLBQxbA0LRGBCRm7aAGQJ+SMC1IMl0dgRVi9EFfoDcS2a7Xogygk/eGN94CfwU9UF7UQ==
  /@types/tunnel/0.0.1:
    dependencies:
      '@types/node': 14.6.0
    dev: true
    resolution:
      integrity: sha512-AOqu6bQu5MSWwYvehMXLukFHnupHrpZ8nvgae5Ggie9UwzDR1CCwoXgSSWNZJuyOlCdfdsWMA5F2LlmvyoTv8A==
  /axios/0.19.2:
    dependencies:
      follow-redirects: 1.5.10
    dev: false
    resolution:
      integrity: sha512-fjgm5MvRHLhx+osE2xoekY70AhARk3a6hkN+3Io1jc00jtquGvxYlKlsFUhmUET0V5te6CcZI7lcv2Ym61mjHA==
  /base64url/3.0.1:
    dev: false
    engines:
      node: '>=6.0.0'
    resolution:
      integrity: sha512-ir1UPr3dkwexU7FdV8qBBbNDRUhMmIekYMFZfi+C/sLNnRESKPl23nB9b2pltqfOQNnGzsDdId90AEtG5tCx4A==
  /debug/3.1.0:
    dependencies:
      ms: 2.0.0
    dev: false
    resolution:
      integrity: sha512-OX8XqP7/1a9cqkxYw2yXss15f26NKWBpDXQd0/uK/KPqdQhxbPa994hnzjcE2VqQpDslf55723cKPUOGSmMY3g==
  /follow-redirects/1.5.10:
    dependencies:
      debug: 3.1.0
    dev: false
    engines:
      node: '>=4.0'
    resolution:
      integrity: sha512-0V5l4Cizzvqt5D44aTXbFZz+FtyXV1vrDN6qrelxtfYQKW0KO0W2T/hkE8xvGa/540LkZlkaUjO4ailYTFtHVQ==
  /ms/2.0.0:
    dev: false
    resolution:
      integrity: sha1-VgiurfwAvmwpAd9fmGF4jeDVl8g=
  /oauth/0.9.15:
    dev: false
    resolution:
      integrity: sha1-vR/vr2hslrdUda7VGWQS/2DPucE=
  /passport-oauth2/1.5.0:
    dependencies:
      base64url: 3.0.1
      oauth: 0.9.15
      passport-strategy: 1.0.0
      uid2: 0.0.3
      utils-merge: 1.0.1
    dev: false
    engines:
      node: '>= 0.4.0'
    resolution:
      integrity: sha512-kqBt6vR/5VlCK8iCx1/KpY42kQ+NEHZwsSyt4Y6STiNjU+wWICG1i8ucc1FapXDGO15C5O5VZz7+7vRzrDPXXQ==
  /passport-strategy/1.0.0:
    dev: false
    engines:
      node: '>= 0.4.0'
    resolution:
      integrity: sha1-tVOaqPwiWj0a0XlHbd8ja0QPUuQ=
  /tunnel/0.0.6:
    dev: true
    engines:
      node: '>=0.6.11 <=0.7.0 || >=0.7.3'
    resolution:
      integrity: sha512-1h/Lnq9yajKY2PEbBadPXj3VxsDDu844OnaAo52UVmIzIvwwtBPIuNvkjuzBlTWpfJyUbG3ez0KSBibQkj4ojg==
  /typescript/3.9.7:
    dev: true
    engines:
      node: '>=4.2.0'
    hasBin: true
    resolution:
      integrity: sha512-BLbiRkiBzAwsjut4x/dsibSTB6yWpwT5qWmC2OfuCg3GgVQCSgMs4vEctYPhsaGtd0AeuuHMkjZ2h2WG8MSzRw==
  /uid2/0.0.3:
    dev: false
    resolution:
      integrity: sha1-SDEm4Rd03y9xuLY53NeZw3YWK4I=
  /utils-merge/1.0.1:
    dev: false
    engines:
      node: '>= 0.4.0'
    resolution:
      integrity: sha1-n5VxD1CiZ5R7LMwSR0HBAoQn5xM=
specifiers:
  '@types/node': ^14.6.0
  '@types/passport-oauth2': ^1.4.9
  '@types/passport-strategy': ^0.2.35
  '@types/tunnel': 0.0.1
  axios: ^0.19.2
  passport-oauth2: ^1.5.0
  passport-strategy: ^1.0.0
  tunnel: ^0.0.6
  typescript: ^3.9.7
